// !$*UTF8*$!
{
	archiveVersion = 1;
	classes = {
	};
	objectVersion = 77;
	objects = {

/* Begin PBXBuildFile section */
		9C334B742F26A83D00A503AF /* Products.storekit in Resources */ = {isa = PBXBuildFile; fileRef = 9C334B732F26A83D00A503AF /* Products.storekit */; };
		9C334B822F284CC300A503AF /* Launch Screen.storyboard in Resources */ = {isa = PBXBuildFile; fileRef = 9C334B812F284CC300A503AF /* Launch Screen.storyboard */; };
		9C485D762F12FF3900416600 /* StoreKit.framework in Frameworks */ = {isa = PBXBuildFile; fileRef = 9C485D752F12FF3900416600 /* StoreKit.framework */; };
		9C723E472F40433500A7110B /* AppleCalendarManager.swift in Sources */ = {isa = PBXBuildFile; fileRef = 9C723E462F40433500A7110B /* AppleCalendarManager.swift */; };
		9C723E492F40435A00A7110B /* CalendarSyncSettingsView.swift in Sources */ = {isa = PBXBuildFile; fileRef = 9C723E482F40435A00A7110B /* CalendarSyncSettingsView.swift */; };
		9C723E512F4043FC00A7110B /* CalendarSyncPromptBanner.swift in Sources */ = {isa = PBXBuildFile; fileRef = 9C723E502F4043FC00A7110B /* CalendarSyncPromptBanner.swift */; };
		9C723E532F4112CC00A7110B /* GoogleCalendarManager.swift in Sources */ = {isa = PBXBuildFile; fileRef = 9C723E522F4112CC00A7110B /* GoogleCalendarManager.swift */; };
		9C723E552F4112E500A7110B /* GoogleCalendarSyncSettingsView.swift in Sources */ = {isa = PBXBuildFile; fileRef = 9C723E542F4112E500A7110B /* GoogleCalendarSyncSettingsView.swift */; };
		9C723E612F41206400A7110B /* LaunchScreenView.swift in Sources */ = {isa = PBXBuildFile; fileRef = 9C723E602F41206400A7110B /* LaunchScreenView.swift */; };
		9C723E652F412E6800A7110B /* HabitCalendarManager.swift in Sources */ = {isa = PBXBuildFile; fileRef = 9C723E642F412E6800A7110B /* HabitCalendarManager.swift */; };
		9C723E6A2F415B2F00A7110B /* ReminderWizardView.swift in Sources */ = {isa = PBXBuildFile; fileRef = 9C723E692F415B2F00A7110B /* ReminderWizardView.swift */; };
		9C723E6B2F415B2F00A7110B /* ReminderWizardModels.swift in Sources */ = {isa = PBXBuildFile; fileRef = 9C723E682F415B2F00A7110B /* ReminderWizardModels.swift */; };
		9C723E6D2F4175B200A7110B /* SupportView.swift in Sources */ = {isa = PBXBuildFile; fileRef = 9C723E6C2F4175B200A7110B /* SupportView.swift */; };
		9C723E6F2F417A4000A7110B /* docsprivacy-policy.html in Resources */ = {isa = PBXBuildFile; fileRef = 9C723E6E2F417A4000A7110B /* docsprivacy-policy.html */; };
		9C723E712F417A8100A7110B /* docssupport.html in Resources */ = {isa = PBXBuildFile; fileRef = 9C723E702F417A8100A7110B /* docssupport.html */; };
		9C723E852F42C9B600A7110B /* index.html in Resources */ = {isa = PBXBuildFile; fileRef = 9C723E842F42C9B600A7110B /* index.html */; };
		9C85B6E12F491DEB00D124DE /* terms-of-service.html in Resources */ = {isa = PBXBuildFile; fileRef = 9C723E822F42C9A000A7110B /* terms-of-service.html */; };
/* End PBXBuildFile section */

/* Begin PBXFileReference section */
		9C334B732F26A83D00A503AF /* Products.storekit */ = {isa = PBXFileReference; lastKnownFileType = text; path = Products.storekit; sourceTree = "<group>"; };
		9C334B812F284CC300A503AF /* Launch Screen.storyboard */ = {isa = PBXFileReference; lastKnownFileType = file.storyboard; path = "Launch Screen.storyboard"; sourceTree = "<group>"; };
		9C485D642F12FDEA00416600 /* RealLifeHQ.app */ = {isa = PBXFileReference; explicitFileType = wrapper.application; includeInIndex = 0; path = RealLifeHQ.app; sourceTree = BUILT_PRODUCTS_DIR; };
		9C485D752F12FF3900416600 /* StoreKit.framework */ = {isa = PBXFileReference; lastKnownFileType = wrapper.framework; name = StoreKit.framework; path = System/Library/Frameworks/StoreKit.framework; sourceTree = SDKROOT; };
		9C723E462F40433500A7110B /* AppleCalendarManager.swift */ = {isa = PBXFileReference; lastKnownFileType = sourcecode.swift; path = AppleCalendarManager.swift; sourceTree = "<group>"; };
		9C723E482F40435A00A7110B /* CalendarSyncSettingsView.swift */ = {isa = PBXFileReference; lastKnownFileType = sourcecode.swift; path = CalendarSyncSettingsView.swift; sourceTree = "<group>"; };
		9C723E502F4043FC00A7110B /* CalendarSyncPromptBanner.swift */ = {isa = PBXFileReference; lastKnownFileType = sourcecode.swift; path = CalendarSyncPromptBanner.swift; sourceTree = "<group>"; };
		9C723E522F4112CC00A7110B /* GoogleCalendarManager.swift */ = {isa = PBXFileReference; lastKnownFileType = sourcecode.swift; path = GoogleCalendarManager.swift; sourceTree = "<group>"; };
		9C723E542F4112E500A7110B /* GoogleCalendarSyncSettingsView.swift */ = {isa = PBXFileReference; lastKnownFileType = sourcecode.swift; path = GoogleCalendarSyncSettingsView.swift; sourceTree = "<group>"; };
		9C723E602F41206400A7110B /* LaunchScreenView.swift */ = {isa = PBXFileReference; lastKnownFileType = sourcecode.swift; path = LaunchScreenView.swift; sourceTree = "<group>"; };
		9C723E642F412E6800A7110B /* HabitCalendarManager.swift */ = {isa = PBXFileReference; lastKnownFileType = sourcecode.swift; path = HabitCalendarManager.swift; sourceTree = "<group>"; };
		9C723E682F415B2F00A7110B /* ReminderWizardModels.swift */ = {isa = PBXFileReference; lastKnownFileType = sourcecode.swift; path = ReminderWizardModels.swift; sourceTree = "<group>"; };
		9C723E692F415B2F00A7110B /* ReminderWizardView.swift */ = {isa = PBXFileReference; lastKnownFileType = sourcecode.swift; path = ReminderWizardView.swift; sourceTree = "<group>"; };
		9C723E6C2F4175B200A7110B /* SupportView.swift */ = {isa = PBXFileReference; lastKnownFileType = sourcecode.swift; path = SupportView.swift; sourceTree = "<group>"; };
		9C723E6E2F417A4000A7110B /* docsprivacy-policy.html */ = {isa = PBXFileReference; lastKnownFileType = text.html; path = "docsprivacy-policy.html"; sourceTree = "<group>"; };
		9C723E702F417A8100A7110B /* docssupport.html */ = {isa = PBXFileReference; lastKnownFileType = text.html; path = docssupport.html; sourceTree = "<group>"; };
		9C723E822F42C9A000A7110B /* terms-of-service.html */ = {isa = PBXFileReference; lastKnownFileType = text.html; path = "terms-of-service.html"; sourceTree = "<group>"; };
		9C723E842F42C9B600A7110B /* index.html */ = {isa = PBXFileReference; lastKnownFileType = text.html; path = index.html; sourceTree = "<group>"; };
/* End PBXFileReference section */

/* Begin PBXFileSystemSynchronizedBuildFileExceptionSet section */
		9C1491092F397D9C00CAB940 /* Exceptions for "RealLifeHQ" folder in "RealLifeHQ" target */ = {
			isa = PBXFileSystemSynchronizedBuildFileExceptionSet;
			membershipExceptions = (
				Info.plist,
				Views/AIMealPlanGeneratorView.swift,
				Views/AIRecipeGeneratorView.swift,
				Views/AIServiceManager.swift,
				Views/AISettingsView.swift,
			);
			target = 9C485D632F12FDEA00416600 /* RealLifeHQ */;
		};
/* End PBXFileSystemSynchronizedBuildFileExceptionSet section */

/* Begin PBXFileSystemSynchronizedRootGroup section */
		9C485D662F12FDEA00416600 /* RealLifeHQ */ = {
			isa = PBXFileSystemSynchronizedRootGroup;
			exceptions = (
				9C1491092F397D9C00CAB940 /* Exceptions for "RealLifeHQ" folder in "RealLifeHQ" target */,
			);
			path = RealLifeHQ;
			sourceTree = "<group>";
		};
/* End PBXFileSystemSynchronizedRootGroup section */

/* Begin PBXFrameworksBuildPhase section */
		9C485D612F12FDEA00416600 /* Frameworks */ = {
			isa = PBXFrameworksBuildPhase;
			buildActionMask = 2147483647;
			files = (
				9C485D762F12FF3900416600 /* StoreKit.framework in Frameworks */,
			);
			runOnlyForDeploymentPostprocessing = 0;
		};
/* End PBXFrameworksBuildPhase section */

/* Begin PBXGroup section */
		9C485D5B2F12FDEA00416600 = {
			isa = PBXGroup;
			children = (
				9C334B812F284CC300A503AF /* Launch Screen.storyboard */,
				9C334B732F26A83D00A503AF /* Products.storekit */,
				9C485D662F12FDEA00416600 /* RealLifeHQ */,
				9C485D742F12FF3900416600 /* Frameworks */,
				9C485D652F12FDEA00416600 /* Products */,
				9C723E462F40433500A7110B /* AppleCalendarManager.swift */,
				9C723E482F40435A00A7110B /* CalendarSyncSettingsView.swift */,
				9C723E502F4043FC00A7110B /* CalendarSyncPromptBanner.swift */,
				9C723E522F4112CC00A7110B /* GoogleCalendarManager.swift */,
				9C723E542F4112E500A7110B /* GoogleCalendarSyncSettingsView.swift */,
				9C723E602F41206400A7110B /* LaunchScreenView.swift */,
				9C723E642F412E6800A7110B /* HabitCalendarManager.swift */,
				9C723E682F415B2F00A7110B /* ReminderWizardModels.swift */,
				9C723E692F415B2F00A7110B /* ReminderWizardView.swift */,
				9C723E6C2F4175B200A7110B /* SupportView.swift */,
				9C723E6E2F417A4000A7110B /* docsprivacy-policy.html */,
				9C723E702F417A8100A7110B /* docssupport.html */,
				9C723E822F42C9A000A7110B /* terms-of-service.html */,
				9C723E842F42C9B600A7110B /* index.html */,
			);
			sourceTree = "<group>";
		};
		9C485D652F12FDEA00416600 /* Products */ = {
			isa = PBXGroup;
			children = (
				9C485D642F12FDEA00416600 /* RealLifeHQ.app */,
			);
			name = Products;
			sourceTree = "<group>";
		};
		9C485D742F12FF3900416600 /* Frameworks */ = {
			isa = PBXGroup;
			children = (
				9C485D752F12FF3900416600 /* StoreKit.framework */,
			);
			name = Frameworks;
			sourceTree = "<group>";
		};
/* End PBXGroup section */

/* Begin PBXNativeTarget section */
		9C485D632F12FDEA00416600 /* RealLifeHQ */ = {
			isa = PBXNativeTarget;
			buildConfigurationList = 9C485D6F2F12FDED00416600 /* Build configuration list for PBXNativeTarget "RealLifeHQ" */;
			buildPhases = (
				9C485D602F12FDEA00416600 /* Sources */,
				9C485D612F12FDEA00416600 /* Frameworks */,
				9C485D622F12FDEA00416600 /* Resources */,
			);
			buildRules = (
			);
			dependencies = (
			);
			fileSystemSynchronizedGroups = (
				9C485D662F12FDEA00416600 /* RealLifeHQ */,
			);
			name = RealLifeHQ;
			packageProductDependencies = (
			);
			productName = RealLifeHQ;
			productReference = 9C485D642F12FDEA00416600 /* RealLifeHQ.app */;
			productType = "com.apple.product-type.application";
		};
/* End PBXNativeTarget section */

/* Begin PBXProject section */
		9C485D5C2F12FDEA00416600 /* Project object */ = {
			isa = PBXProject;
			attributes = {
				BuildIndependentTargetsInParallel = 1;
				LastSwiftUpdateCheck = 2620;
				LastUpgradeCheck = 2620;
				TargetAttributes = {
					9C485D632F12FDEA00416600 = {
						CreatedOnToolsVersion = 26.2;
					};
				};
			};
			buildConfigurationList = 9C485D5F2F12FDEA00416600 /* Build configuration list for PBXProject "RealLifeHQ" */;
			developmentRegion = en;
			hasScannedForEncodings = 0;
			knownRegions = (
				en,
				Base,
			);
			mainGroup = 9C485D5B2F12FDEA00416600;
			minimizedProjectReferenceProxies = 1;
			preferredProjectObjectVersion = 77;
			productRefGroup = 9C485D652F12FDEA00416600 /* Products */;
			projectDirPath = "";
			projectRoot = "";
			targets = (
				9C485D632F12FDEA00416600 /* RealLifeHQ */,
			);
		};
/* End PBXProject section */

/* Begin PBXResourcesBuildPhase section */
		9C485D622F12FDEA00416600 /* Resources */ = {
			isa = PBXResourcesBuildPhase;
			buildActionMask = 2147483647;
			files = (
				9C85B6E12F491DEB00D124DE /* terms-of-service.html in Resources */,
				9C723E6F2F417A4000A7110B /* docsprivacy-policy.html in Resources */,
				9C723E712F417A8100A7110B /* docssupport.html in Resources */,
				9C723E852F42C9B600A7110B /* index.html in Resources */,
				9C334B742F26A83D00A503AF /* Products.storekit in Resources */,
				9C334B822F284CC300A503AF /* Launch Screen.storyboard in Resources */,
			);
			runOnlyForDeploymentPostprocessing = 0;
		};
/* End PBXResourcesBuildPhase section */

/* Begin PBXSourcesBuildPhase section */
		9C485D602F12FDEA00416600 /* Sources */ = {
			isa = PBXSourcesBuildPhase;
			buildActionMask = 2147483647;
			files = (
				9C723E492F40435A00A7110B /* CalendarSyncSettingsView.swift in Sources */,
				9C723E512F4043FC00A7110B /* CalendarSyncPromptBanner.swift in Sources */,
				9C723E612F41206400A7110B /* LaunchScreenView.swift in Sources */,
				9C723E472F40433500A7110B /* AppleCalendarManager.swift in Sources */,
				9C723E532F4112CC00A7110B /* GoogleCalendarManager.swift in Sources */,
				9C723E6D2F4175B200A7110B /* SupportView.swift in Sources */,
				9C723E6A2F415B2F00A7110B /* ReminderWizardView.swift in Sources */,
				9C723E6B2F415B2F00A7110B /* ReminderWizardModels.swift in Sources */,
				9C723E652F412E6800A7110B /* HabitCalendarManager.swift in Sources */,
				9C723E552F4112E500A7110B /* GoogleCalendarSyncSettingsView.swift in Sources */,
			);
			runOnlyForDeploymentPostprocessing = 0;
		};
/* End PBXSourcesBuildPhase section */

/* Begin XCBuildConfiguration section */
		9C485D6D2F12FDED00416600 /* Debug */ = {
			isa = XCBuildConfiguration;
			buildSettings = {
				ALWAYS_SEARCH_USER_PATHS = NO;
				ASSETCATALOG_COMPILER_GENERATE_SWIFT_ASSET_SYMBOL_EXTENSIONS = YES;
				CLANG_ANALYZER_NONNULL = YES;
				CLANG_ANALYZER_NUMBER_OBJECT_CONVERSION = YES_AGGRESSIVE;
				CLANG_CXX_LANGUAGE_STANDARD = "gnu++20";
				CLANG_ENABLE_MODULES = YES;
				CLANG_ENABLE_OBJC_ARC = YES;
				CLANG_ENABLE_OBJC_WEAK = YES;
				CLANG_WARN_BLOCK_CAPTURE_AUTORELEASING = YES;
				CLANG_WARN_BOOL_CONVERSION = YES;
				CLANG_WARN_COMMA = YES;
				CLANG_WARN_CONSTANT_CONVERSION = YES;
				CLANG_WARN_DEPRECATED_OBJC_IMPLEMENTATIONS = YES;
				CLANG_WARN_DIRECT_OBJC_ISA_USAGE = YES_ERROR;
				CLANG_WARN_DOCUMENTATION_COMMENTS = YES;
				CLANG_WARN_EMPTY_BODY = YES;
				CLANG_WARN_ENUM_CONVERSION = YES;
				CLANG_WARN_INFINITE_RECURSION = YES;
				CLANG_WARN_INT_CONVERSION = YES;
				CLANG_WARN_NON_LITERAL_NULL_CONVERSION = YES;
				CLANG_WARN_OBJC_IMPLICIT_RETAIN_SELF = YES;
				CLANG_WARN_OBJC_LITERAL_CONVERSION = YES;
				CLANG_WARN_OBJC_ROOT_CLASS = YES_ERROR;
				CLANG_WARN_QUOTED_INCLUDE_IN_FRAMEWORK_HEADER = YES;
				CLANG_WARN_RANGE_LOOP_ANALYSIS = YES;
				CLANG_WARN_STRICT_PROTOTYPES = YES;
				CLANG_WARN_SUSPICIOUS_MOVE = YES;
				CLANG_WARN_UNGUARDED_AVAILABILITY = YES_AGGRESSIVE;
				CLANG_WARN_UNREACHABLE_CODE = YES;
				CLANG_WARN__DUPLICATE_METHOD_MATCH = YES;
				COPY_PHASE_STRIP = NO;
				DEBUG_INFORMATION_FORMAT = dwarf;
				DEVELOPMENT_TEAM = Q79FHUWC44;
				ENABLE_STRICT_OBJC_MSGSEND = YES;
				ENABLE_TESTABILITY = YES;
				ENABLE_USER_SCRIPT_SANDBOXING = YES;
				GCC_C_LANGUAGE_STANDARD = gnu17;
				GCC_DYNAMIC_NO_PIC = NO;
				GCC_NO_COMMON_BLOCKS = YES;
				GCC_OPTIMIZATION_LEVEL = 0;
				GCC_PREPROCESSOR_DEFINITIONS = (
					"DEBUG=1",
					"$(inherited)",
				);
				GCC_WARN_64_TO_32_BIT_CONVERSION = YES;
				GCC_WARN_ABOUT_RETURN_TYPE = YES_ERROR;
				GCC_WARN_UNDECLARED_SELECTOR = YES;
				GCC_WARN_UNINITIALIZED_AUTOS = YES_AGGRESSIVE;
				GCC_WARN_UNUSED_FUNCTION = YES;
				GCC_WARN_UNUSED_VARIABLE = YES;
				IPHONEOS_DEPLOYMENT_TARGET = 26.2;
				LOCALIZATION_PREFERS_STRING_CATALOGS = YES;
				MTL_ENABLE_DEBUG_INFO = INCLUDE_SOURCE;
				MTL_FAST_MATH = YES;
				ONLY_ACTIVE_ARCH = YES;
				SDKROOT = iphoneos;
				SWIFT_ACTIVE_COMPILATION_CONDITIONS = "DEBUG $(inherited)";
				SWIFT_OPTIMIZATION_LEVEL = "-Onone";
			};
			name = Debug;
		};
		9C485D6E2F12FDED00416600 /* Release */ = {
			isa = XCBuildConfiguration;
			buildSettings = {
				ALWAYS_SEARCH_USER_PATHS = NO;
				ASSETCATALOG_COMPILER_GENERATE_SWIFT_ASSET_SYMBOL_EXTENSIONS = YES;
				CLANG_ANALYZER_NONNULL = YES;
				CLANG_ANALYZER_NUMBER_OBJECT_CONVERSION = YES_AGGRESSIVE;
				CLANG_CXX_LANGUAGE_STANDARD = "gnu++20";
				CLANG_ENABLE_MODULES = YES;
				CLANG_ENABLE_OBJC_ARC = YES;
				CLANG_ENABLE_OBJC_WEAK = YES;
				CLANG_WARN_BLOCK_CAPTURE_AUTORELEASING = YES;
				CLANG_WARN_BOOL_CONVERSION = YES;
				CLANG_WARN_COMMA = YES;
				CLANG_WARN_CONSTANT_CONVERSION = YES;
				CLANG_WARN_DEPRECATED_OBJC_IMPLEMENTATIONS = YES;
				CLANG_WARN_DIRECT_OBJC_ISA_USAGE = YES_ERROR;
				CLANG_WARN_DOCUMENTATION_COMMENTS = YES;
				CLANG_WARN_EMPTY_BODY = YES;
				CLANG_WARN_ENUM_CONVERSION = YES;
				CLANG_WARN_INFINITE_RECURSION = YES;
				CLANG_WARN_INT_CONVERSION = YES;
				CLANG_WARN_NON_LITERAL_NULL_CONVERSION = YES;
				CLANG_WARN_OBJC_IMPLICIT_RETAIN_SELF = YES;
				CLANG_WARN_OBJC_LITERAL_CONVERSION = YES;
				CLANG_WARN_OBJC_ROOT_CLASS = YES_ERROR;
				CLANG_WARN_QUOTED_INCLUDE_IN_FRAMEWORK_HEADER = YES;
				CLANG_WARN_RANGE_LOOP_ANALYSIS = YES;
				CLANG_WARN_STRICT_PROTOTYPES = YES;
				CLANG_WARN_SUSPICIOUS_MOVE = YES;
				CLANG_WARN_UNGUARDED_AVAILABILITY = YES_AGGRESSIVE;
				CLANG_WARN_UNREACHABLE_CODE = YES;
				CLANG_WARN__DUPLICATE_METHOD_MATCH = YES;
				COPY_PHASE_STRIP = NO;
				DEBUG_INFORMATION_FORMAT = "dwarf-with-dsym";
				DEVELOPMENT_TEAM = Q79FHUWC44;
				ENABLE_NS_ASSERTIONS = NO;
				ENABLE_STRICT_OBJC_MSGSEND = YES;
				ENABLE_USER_SCRIPT_SANDBOXING = YES;
				GCC_C_LANGUAGE_STANDARD = gnu17;
				GCC_NO_COMMON_BLOCKS = YES;
				GCC_WARN_64_TO_32_BIT_CONVERSION = YES;
				GCC_WARN_ABOUT_RETURN_TYPE = YES_ERROR;
				GCC_WARN_UNDECLARED_SELECTOR = YES;
				GCC_WARN_UNINITIALIZED_AUTOS = YES_AGGRESSIVE;
				GCC_WARN_UNUSED_FUNCTION = YES;
				GCC_WARN_UNUSED_VARIABLE = YES;
				IPHONEOS_DEPLOYMENT_TARGET = 26.2;
				LOCALIZATION_PREFERS_STRING_CATALOGS = YES;
				MTL_ENABLE_DEBUG_INFO = NO;
				MTL_FAST_MATH = YES;
				SDKROOT = iphoneos;
				SWIFT_COMPILATION_MODE = wholemodule;
				VALIDATE_PRODUCT = YES;
			};
			name = Release;
		};
		9C485D702F12FDED00416600 /* Debug */ = {
			isa = XCBuildConfiguration;
			buildSettings = {
				ASSETCATALOG_COMPILER_APPICON_NAME = AppIcon;
				ASSETCATALOG_COMPILER_GLOBAL_ACCENT_COLOR_NAME = AccentColor;
				ASSETCATALOG_COMPILER_INCLUDE_ALL_APPICON_ASSETS = YES;
				CODE_SIGN_STYLE = Automatic;
				CURRENT_PROJECT_VERSION = 4;
				DEVELOPMENT_TEAM = Q79FHUWC44;
				ENABLE_PREVIEWS = YES;
				GENERATE_INFOPLIST_FILE = YES;
				INFOPLIST_FILE = RealLifeHQ/Info.plist;
				INFOPLIST_KEY_CFBundleDisplayName = RealLifeHQ;
				INFOPLIST_KEY_LSApplicationCategoryType = "public.app-category.productivity";
				INFOPLIST_KEY_NSCalendarsFullAccessUsageDescription = "RealLifeHQ needs full calendar access to create, edit, and delete synced events";
				INFOPLIST_KEY_NSCameraUsageDescription = "RealLife HQ needs access to your camera to capture receipts and photos. ";
				INFOPLIST_KEY_NSPhotoLibraryAddUsageDescription = "This app needs to save photos to your library.";
				INFOPLIST_KEY_NSPhotoLibraryUsageDescription = "This app needs access to upload photos.\nThis app needs access to upload photos.\n";
				INFOPLIST_KEY_NSRemindersUsageDescription = "RealLife HQ needs access to reminders to help you manage tasks. ";
				INFOPLIST_KEY_UIApplicationSceneManifest_Generation = YES;
				INFOPLIST_KEY_UIApplicationSupportsIndirectInputEvents = YES;
				INFOPLIST_KEY_UILaunchScreen_Generation = YES;
				INFOPLIST_KEY_UISupportedInterfaceOrientations_iPad = "UIInterfaceOrientationPortrait UIInterfaceOrientationPortraitUpsideDown UIInterfaceOrientationLandscapeLeft UIInterfaceOrientationLandscapeRight";
				INFOPLIST_KEY_UISupportedInterfaceOrientations_iPhone = "UIInterfaceOrientationPortrait UIInterfaceOrientationLandscapeLeft UIInterfaceOrientationLandscapeRight";
				IPHONEOS_DEPLOYMENT_TARGET = 17.6;
				LD_RUNPATH_SEARCH_PATHS = (
					"$(inherited)",
					"@executable_path/Frameworks",
				);
				MARKETING_VERSION = 6;
				PRODUCT_BUNDLE_IDENTIFIER = com.sarahwalker.reallifehq.RealLifeHQ;
				PRODUCT_NAME = "$(TARGET_NAME)";
				STRING_CATALOG_GENERATE_SYMBOLS = YES;
				SWIFT_APPROACHABLE_CONCURRENCY = YES;
				SWIFT_DEFAULT_ACTOR_ISOLATION = MainActor;
				SWIFT_EMIT_LOC_STRINGS = YES;
				SWIFT_UPCOMING_FEATURE_MEMBER_IMPORT_VISIBILITY = YES;
				SWIFT_VERSION = 5.0;
				TARGETED_DEVICE_FAMILY = "1,2";
			};
			name = Debug;
		};
		9C485D712F12FDED00416600 /* Release */ = {
			isa = XCBuildConfiguration;
			buildSettings = {
				ASSETCATALOG_COMPILER_APPICON_NAME = AppIcon;
				ASSETCATALOG_COMPILER_GLOBAL_ACCENT_COLOR_NAME = AccentColor;
				ASSETCATALOG_COMPILER_INCLUDE_ALL_APPICON_ASSETS = YES;
				CODE_SIGN_STYLE = Automatic;
				CURRENT_PROJECT_VERSION = 4;
				DEVELOPMENT_TEAM = Q79FHUWC44;
				ENABLE_PREVIEWS = YES;
				GENERATE_INFOPLIST_FILE = YES;
				INFOPLIST_FILE = RealLifeHQ/Info.plist;
				INFOPLIST_KEY_CFBundleDisplayName = RealLifeHQ;
				INFOPLIST_KEY_LSApplicationCategoryType = "public.app-category.productivity";
				INFOPLIST_KEY_NSCalendarsFullAccessUsageDescription = "RealLifeHQ needs full calendar access to create, edit, and delete synced events";
				INFOPLIST_KEY_NSCameraUsageDescription = "RealLife HQ needs access to your camera to capture receipts and photos. ";
				INFOPLIST_KEY_NSPhotoLibraryAddUsageDescription = "This app needs to save photos to your library.";
				INFOPLIST_KEY_NSPhotoLibraryUsageDescription = "This app needs access to upload photos.\nThis app needs access to upload photos.\n";
				INFOPLIST_KEY_NSRemindersUsageDescription = "RealLife HQ needs access to reminders to help you manage tasks. ";
				INFOPLIST_KEY_UIApplicationSceneManifest_Generation = YES;
				INFOPLIST_KEY_UIApplicationSupportsIndirectInputEvents = YES;
				INFOPLIST_KEY_UILaunchScreen_Generation = YES;
				INFOPLIST_KEY_UISupportedInterfaceOrientations_iPad = "UIInterfaceOrientationPortrait UIInterfaceOrientationPortraitUpsideDown UIInterfaceOrientationLandscapeLeft UIInterfaceOrientationLandscapeRight";
				INFOPLIST_KEY_UISupportedInterfaceOrientations_iPhone = "UIInterfaceOrientationPortrait UIInterfaceOrientationLandscapeLeft UIInterfaceOrientationLandscapeRight";
				IPHONEOS_DEPLOYMENT_TARGET = 17.6;
				LD_RUNPATH_SEARCH_PATHS = (
					"$(inherited)",
					"@executable_path/Frameworks",
				);
				MARKETING_VERSION = 6;
				PRODUCT_BUNDLE_IDENTIFIER = com.sarahwalker.reallifehq.RealLifeHQ;
				PRODUCT_NAME = "$(TARGET_NAME)";
				STRING_CATALOG_GENERATE_SYMBOLS = YES;
				SWIFT_APPROACHABLE_CONCURRENCY = YES;
				SWIFT_DEFAULT_ACTOR_ISOLATION = MainActor;
				SWIFT_EMIT_LOC_STRINGS = YES;
				SWIFT_UPCOMING_FEATURE_MEMBER_IMPORT_VISIBILITY = YES;
				SWIFT_VERSION = 5.0;
				TARGETED_DEVICE_FAMILY = "1,2";
			};
			name = Release;
		};
/* End XCBuildConfiguration section */

/* Begin XCConfigurationList section */
		9C485D5F2F12FDEA00416600 /* Build configuration list for PBXProject "RealLifeHQ" */ = {
			isa = XCConfigurationList;
			buildConfigurations = (
				9C485D6D2F12FDED00416600 /* Debug */,
				9C485D6E2F12FDED00416600 /* Release */,
			);
			defaultConfigurationIsVisible = 0;
			defaultConfigurationName = Release;
		};
		9C485D6F2F12FDED00416600 /* Build configuration list for PBXNativeTarget "RealLifeHQ" */ = {
			isa = XCConfigurationList;
			buildConfigurations = (
				9C485D702F12FDED00416600 /* Debug */,
				9C485D712F12FDED00416600 /* Release */,
			);
			defaultConfigurationIsVisible = 0;
			defaultConfigurationName = Release;
		};
/* End XCConfigurationList section */
	};
	rootObject = 9C485D5C2F12FDEA00416600 /* Project object */;
}
